// !$*UTF8*$!
{
	archiveVersion = 1;
	classes = {
	};
	objectVersion = 46;
	objects = {

/* Begin PBXBuildFile section */
		26BDC5AC0ADD4024476FD705 /* Pods_eightam.framework in Frameworks */ = {isa = PBXBuildFile; fileRef = 405DA66257C281B40C9872DF /* Pods_eightam.framework */; };
		8E064AAD1D720306000FB47E /* Notification.swift in Sources */ = {isa = PBXBuildFile; fileRef = 8E064AAC1D720306000FB47E /* Notification.swift */; };
		8E064AAF1D720779000FB47E /* NotificationsVC.swift in Sources */ = {isa = PBXBuildFile; fileRef = 8E064AAE1D720779000FB47E /* NotificationsVC.swift */; };
		8E064AB31D720E7A000FB47E /* NotificationCell.swift in Sources */ = {isa = PBXBuildFile; fileRef = 8E064AB21D720E7A000FB47E /* NotificationCell.swift */; };
		8E09EEF31D74B342002B4E4D /* ProfileVC.swift in Sources */ = {isa = PBXBuildFile; fileRef = 8E09EEF21D74B342002B4E4D /* ProfileVC.swift */; };
		8E09EEF51D74B5A7002B4E4D /* EmbeddedProfileVC.swift in Sources */ = {isa = PBXBuildFile; fileRef = 8E09EEF41D74B5A7002B4E4D /* EmbeddedProfileVC.swift */; };
		8E7762051D6F54E3004DA65D /* ExploreVC.swift in Sources */ = {isa = PBXBuildFile; fileRef = 8E7762041D6F54E3004DA65D /* ExploreVC.swift */; };
		8E7762071D6F5644004DA65D /* NavigationView.swift in Sources */ = {isa = PBXBuildFile; fileRef = 8E7762061D6F5644004DA65D /* NavigationView.swift */; };
		8E7762091D6F59F4004DA65D /* MapVC.swift in Sources */ = {isa = PBXBuildFile; fileRef = 8E7762081D6F59F4004DA65D /* MapVC.swift */; };
		8E77620E1D6FCABD004DA65D /* BatchClientPush.swift in Sources */ = {isa = PBXBuildFile; fileRef = 8E77620D1D6FCABD004DA65D /* BatchClientPush.swift */; };
		8E7762101D6FCB42004DA65D /* NotificationsManager.swift in Sources */ = {isa = PBXBuildFile; fileRef = 8E77620F1D6FCB42004DA65D /* NotificationsManager.swift */; };
		8E7762121D6FD5CC004DA65D /* Hamptons.gpx in Resources */ = {isa = PBXBuildFile; fileRef = 8E7762111D6FD5CC004DA65D /* Hamptons.gpx */; };
		8E8CC21F1D6CAB9C00F4675C /* Constants.swift in Sources */ = {isa = PBXBuildFile; fileRef = 8E8CC21E1D6CAB9C00F4675C /* Constants.swift */; };
		8E8CC2211D6CB42600F4675C /* Thread.swift in Sources */ = {isa = PBXBuildFile; fileRef = 8E8CC2201D6CB42600F4675C /* Thread.swift */; };
		8E8CC2231D6CB79F00F4675C /* User.swift in Sources */ = {isa = PBXBuildFile; fileRef = 8E8CC2221D6CB79F00F4675C /* User.swift */; };
		8E8CC2281D6CC9CE00F4675C /* General.swift in Sources */ = {isa = PBXBuildFile; fileRef = 8E8CC2271D6CC9CE00F4675C /* General.swift */; };
		8E9FE39D1D6C9F32004B1FD9 /* AppDelegate.swift in Sources */ = {isa = PBXBuildFile; fileRef = 8E9FE39C1D6C9F32004B1FD9 /* AppDelegate.swift */; };
		8E9FE39F1D6C9F32004B1FD9 /* HomeVC.swift in Sources */ = {isa = PBXBuildFile; fileRef = 8E9FE39E1D6C9F32004B1FD9 /* HomeVC.swift */; };
		8E9FE3A21D6C9F32004B1FD9 /* Main.storyboard in Resources */ = {isa = PBXBuildFile; fileRef = 8E9FE3A01D6C9F32004B1FD9 /* Main.storyboard */; };
		8E9FE3A41D6C9F32004B1FD9 /* Assets.xcassets in Resources */ = {isa = PBXBuildFile; fileRef = 8E9FE3A31D6C9F32004B1FD9 /* Assets.xcassets */; };
		8E9FE3A71D6C9F32004B1FD9 /* LaunchScreen.storyboard in Resources */ = {isa = PBXBuildFile; fileRef = 8E9FE3A51D6C9F32004B1FD9 /* LaunchScreen.storyboard */; };
		8E9FE3B21D6C9F32004B1FD9 /* eightamTests.swift in Sources */ = {isa = PBXBuildFile; fileRef = 8E9FE3B11D6C9F32004B1FD9 /* eightamTests.swift */; };
		8E9FE3BD1D6CA4B7004B1FD9 /* GoogleService-Info.plist in Resources */ = {isa = PBXBuildFile; fileRef = 8E9FE3BC1D6CA4B7004B1FD9 /* GoogleService-Info.plist */; };
		8EC806CB1D6CD0E300FC88DB /* PostCell.swift in Sources */ = {isa = PBXBuildFile; fileRef = 8EC806CA1D6CD0E300FC88DB /* PostCell.swift */; };
		8EC806CD1D6CE9B200FC88DB /* CardView.swift in Sources */ = {isa = PBXBuildFile; fileRef = 8EC806CC1D6CE9B200FC88DB /* CardView.swift */; };
		8EC806CF1D6D0C7100FC88DB /* ThreadVC.swift in Sources */ = {isa = PBXBuildFile; fileRef = 8EC806CE1D6D0C7100FC88DB /* ThreadVC.swift */; };
		8EC806D41D6E091C00FC88DB /* ReplyView.swift in Sources */ = {isa = PBXBuildFile; fileRef = 8EC806D31D6E091C00FC88DB /* ReplyView.swift */; };
		8EC806D61D6E0B4200FC88DB /* Post.swift in Sources */ = {isa = PBXBuildFile; fileRef = 8EC806D51D6E0B4200FC88DB /* Post.swift */; };
		D7467009A2F9BB393C089D46 /* Pods_eightamTests.framework in Frameworks */ = {isa = PBXBuildFile; fileRef = 4100E067EFC8945D4131EBE7 /* Pods_eightamTests.framework */; };
/* End PBXBuildFile section */

/* Begin PBXContainerItemProxy section */
		8E9FE3AE1D6C9F32004B1FD9 /* PBXContainerItemProxy */ = {
			isa = PBXContainerItemProxy;
			containerPortal = 8E9FE3911D6C9F32004B1FD9 /* Project object */;
			proxyType = 1;
			remoteGlobalIDString = 8E9FE3981D6C9F32004B1FD9;
			remoteInfo = eightam;
		};
/* End PBXContainerItemProxy section */

/* Begin PBXFileReference section */
		405DA66257C281B40C9872DF /* Pods_eightam.framework */ = {isa = PBXFileReference; explicitFileType = wrapper.framework; includeInIndex = 0; path = Pods_eightam.framework; sourceTree = BUILT_PRODUCTS_DIR; };
		4100E067EFC8945D4131EBE7 /* Pods_eightamTests.framework */ = {isa = PBXFileReference; explicitFileType = wrapper.framework; includeInIndex = 0; path = Pods_eightamTests.framework; sourceTree = BUILT_PRODUCTS_DIR; };
		59AC1C52FA006A67DDF88B1D /* Pods-eightam.debug.xcconfig */ = {isa = PBXFileReference; includeInIndex = 1; lastKnownFileType = text.xcconfig; name = "Pods-eightam.debug.xcconfig"; path = "Pods/Target Support Files/Pods-eightam/Pods-eightam.debug.xcconfig"; sourceTree = "<group>"; };
		6419EAECA72E5911AB346E03 /* Pods-eightamTests.debug.xcconfig */ = {isa = PBXFileReference; includeInIndex = 1; lastKnownFileType = text.xcconfig; name = "Pods-eightamTests.debug.xcconfig"; path = "Pods/Target Support Files/Pods-eightamTests/Pods-eightamTests.debug.xcconfig"; sourceTree = "<group>"; };
		8E064AAC1D720306000FB47E /* Notification.swift */ = {isa = PBXFileReference; fileEncoding = 4; lastKnownFileType = sourcecode.swift; path = Notification.swift; sourceTree = "<group>"; };
		8E064AAE1D720779000FB47E /* NotificationsVC.swift */ = {isa = PBXFileReference; fileEncoding = 4; lastKnownFileType = sourcecode.swift; path = NotificationsVC.swift; sourceTree = "<group>"; };
		8E064AB21D720E7A000FB47E /* NotificationCell.swift */ = {isa = PBXFileReference; fileEncoding = 4; lastKnownFileType = sourcecode.swift; path = NotificationCell.swift; sourceTree = "<group>"; };
		8E09EEF21D74B342002B4E4D /* ProfileVC.swift */ = {isa = PBXFileReference; fileEncoding = 4; lastKnownFileType = sourcecode.swift; path = ProfileVC.swift; sourceTree = "<group>"; };
		8E09EEF41D74B5A7002B4E4D /* EmbeddedProfileVC.swift */ = {isa = PBXFileReference; fileEncoding = 4; lastKnownFileType = sourcecode.swift; path = EmbeddedProfileVC.swift; sourceTree = "<group>"; };
		8E7762041D6F54E3004DA65D /* ExploreVC.swift */ = {isa = PBXFileReference; fileEncoding = 4; lastKnownFileType = sourcecode.swift; path = ExploreVC.swift; sourceTree = "<group>"; };
		8E7762061D6F5644004DA65D /* NavigationView.swift */ = {isa = PBXFileReference; fileEncoding = 4; lastKnownFileType = sourcecode.swift; path = NavigationView.swift; sourceTree = "<group>"; };
		8E7762081D6F59F4004DA65D /* MapVC.swift */ = {isa = PBXFileReference; fileEncoding = 4; lastKnownFileType = sourcecode.swift; path = MapVC.swift; sourceTree = "<group>"; };
		8E77620D1D6FCABD004DA65D /* BatchClientPush.swift */ = {isa = PBXFileReference; fileEncoding = 4; lastKnownFileType = sourcecode.swift; path = BatchClientPush.swift; sourceTree = "<group>"; };
		8E77620F1D6FCB42004DA65D /* NotificationsManager.swift */ = {isa = PBXFileReference; fileEncoding = 4; lastKnownFileType = sourcecode.swift; path = NotificationsManager.swift; sourceTree = "<group>"; };
		8E7762111D6FD5CC004DA65D /* Hamptons.gpx */ = {isa = PBXFileReference; fileEncoding = 4; lastKnownFileType = text.xml; path = Hamptons.gpx; sourceTree = "<group>"; };
		8E8CC21E1D6CAB9C00F4675C /* Constants.swift */ = {isa = PBXFileReference; fileEncoding = 4; lastKnownFileType = sourcecode.swift; path = Constants.swift; sourceTree = "<group>"; };
		8E8CC2201D6CB42600F4675C /* Thread.swift */ = {isa = PBXFileReference; fileEncoding = 4; lastKnownFileType = sourcecode.swift; path = Thread.swift; sourceTree = "<group>"; };
		8E8CC2221D6CB79F00F4675C /* User.swift */ = {isa = PBXFileReference; fileEncoding = 4; lastKnownFileType = sourcecode.swift; path = User.swift; sourceTree = "<group>"; };
		8E8CC2271D6CC9CE00F4675C /* General.swift */ = {isa = PBXFileReference; fileEncoding = 4; lastKnownFileType = sourcecode.swift; path = General.swift; sourceTree = "<group>"; };
		8E9FE3991D6C9F32004B1FD9 /* eightam.app */ = {isa = PBXFileReference; explicitFileType = wrapper.application; includeInIndex = 0; path = eightam.app; sourceTree = BUILT_PRODUCTS_DIR; };
		8E9FE39C1D6C9F32004B1FD9 /* AppDelegate.swift */ = {isa = PBXFileReference; lastKnownFileType = sourcecode.swift; path = AppDelegate.swift; sourceTree = "<group>"; };
		8E9FE39E1D6C9F32004B1FD9 /* HomeVC.swift */ = {isa = PBXFileReference; lastKnownFileType = sourcecode.swift; path = HomeVC.swift; sourceTree = "<group>"; };
		8E9FE3A11D6C9F32004B1FD9 /* Base */ = {isa = PBXFileReference; lastKnownFileType = file.storyboard; name = Base; path = Base.lproj/Main.storyboard; sourceTree = "<group>"; };
		8E9FE3A31D6C9F32004B1FD9 /* Assets.xcassets */ = {isa = PBXFileReference; lastKnownFileType = folder.assetcatalog; path = Assets.xcassets; sourceTree = "<group>"; };
		8E9FE3A61D6C9F32004B1FD9 /* Base */ = {isa = PBXFileReference; lastKnownFileType = file.storyboard; name = Base; path = Base.lproj/LaunchScreen.storyboard; sourceTree = "<group>"; };
		8E9FE3A81D6C9F32004B1FD9 /* Info.plist */ = {isa = PBXFileReference; lastKnownFileType = text.plist.xml; path = Info.plist; sourceTree = "<group>"; };
		8E9FE3AD1D6C9F32004B1FD9 /* eightamTests.xctest */ = {isa = PBXFileReference; explicitFileType = wrapper.cfbundle; includeInIndex = 0; path = eightamTests.xctest; sourceTree = BUILT_PRODUCTS_DIR; };
		8E9FE3B11D6C9F32004B1FD9 /* eightamTests.swift */ = {isa = PBXFileReference; lastKnownFileType = sourcecode.swift; path = eightamTests.swift; sourceTree = "<group>"; };
		8E9FE3B31D6C9F32004B1FD9 /* Info.plist */ = {isa = PBXFileReference; lastKnownFileType = text.plist.xml; path = Info.plist; sourceTree = "<group>"; };
		8E9FE3BC1D6CA4B7004B1FD9 /* GoogleService-Info.plist */ = {isa = PBXFileReference; fileEncoding = 4; lastKnownFileType = text.plist.xml; name = "GoogleService-Info.plist"; path = "../GoogleService-Info.plist"; sourceTree = "<group>"; };
		8EC806CA1D6CD0E300FC88DB /* PostCell.swift */ = {isa = PBXFileReference; fileEncoding = 4; lastKnownFileType = sourcecode.swift; path = PostCell.swift; sourceTree = "<group>"; };
		8EC806CC1D6CE9B200FC88DB /* CardView.swift */ = {isa = PBXFileReference; fileEncoding = 4; lastKnownFileType = sourcecode.swift; path = CardView.swift; sourceTree = "<group>"; };
		8EC806CE1D6D0C7100FC88DB /* ThreadVC.swift */ = {isa = PBXFileReference; fileEncoding = 4; lastKnownFileType = sourcecode.swift; path = ThreadVC.swift; sourceTree = "<group>"; };
		8EC806D31D6E091C00FC88DB /* ReplyView.swift */ = {isa = PBXFileReference; fileEncoding = 4; lastKnownFileType = sourcecode.swift; path = ReplyView.swift; sourceTree = "<group>"; };
		8EC806D51D6E0B4200FC88DB /* Post.swift */ = {isa = PBXFileReference; fileEncoding = 4; lastKnownFileType = sourcecode.swift; path = Post.swift; sourceTree = "<group>"; };
		DD7F2940B6508B79D46835AB /* Pods-eightam.release.xcconfig */ = {isa = PBXFileReference; includeInIndex = 1; lastKnownFileType = text.xcconfig; name = "Pods-eightam.release.xcconfig"; path = "Pods/Target Support Files/Pods-eightam/Pods-eightam.release.xcconfig"; sourceTree = "<group>"; };
		E1276DA5495A849F96148ECE /* Pods-eightamTests.release.xcconfig */ = {isa = PBXFileReference; includeInIndex = 1; lastKnownFileType = text.xcconfig; name = "Pods-eightamTests.release.xcconfig"; path = "Pods/Target Support Files/Pods-eightamTests/Pods-eightamTests.release.xcconfig"; sourceTree = "<group>"; };
/* End PBXFileReference section */

/* Begin PBXFrameworksBuildPhase section */
		8E9FE3961D6C9F32004B1FD9 /* Frameworks */ = {
			isa = PBXFrameworksBuildPhase;
			buildActionMask = 2147483647;
			files = (
				26BDC5AC0ADD4024476FD705 /* Pods_eightam.framework in Frameworks */,
			);
			runOnlyForDeploymentPostprocessing = 0;
		};
		8E9FE3AA1D6C9F32004B1FD9 /* Frameworks */ = {
			isa = PBXFrameworksBuildPhase;
			buildActionMask = 2147483647;
			files = (
				D7467009A2F9BB393C089D46 /* Pods_eightamTests.framework in Frameworks */,
			);
			runOnlyForDeploymentPostprocessing = 0;
		};
/* End PBXFrameworksBuildPhase section */

/* Begin PBXGroup section */
		1A567A68441AFFCFE0AFFFF3 /* Frameworks */ = {
			isa = PBXGroup;
			children = (
				405DA66257C281B40C9872DF /* Pods_eightam.framework */,
				4100E067EFC8945D4131EBE7 /* Pods_eightamTests.framework */,
			);
			name = Frameworks;
			sourceTree = "<group>";
		};
		8E8CC21A1D6CA88D00F4675C /* Controller */ = {
			isa = PBXGroup;
			children = (
				8E9FE39E1D6C9F32004B1FD9 /* HomeVC.swift */,
				8EC806CE1D6D0C7100FC88DB /* ThreadVC.swift */,
				8E7762041D6F54E3004DA65D /* ExploreVC.swift */,
				8E7762081D6F59F4004DA65D /* MapVC.swift */,
				8E064AAE1D720779000FB47E /* NotificationsVC.swift */,
				8E09EEF21D74B342002B4E4D /* ProfileVC.swift */,
				8E09EEF41D74B5A7002B4E4D /* EmbeddedProfileVC.swift */,
			);
			name = Controller;
			sourceTree = "<group>";
		};
		8E8CC21B1D6CA89100F4675C /* View */ = {
			isa = PBXGroup;
			children = (
				8EC806CA1D6CD0E300FC88DB /* PostCell.swift */,
				8EC806CC1D6CE9B200FC88DB /* CardView.swift */,
				8EC806D31D6E091C00FC88DB /* ReplyView.swift */,
				8E7762061D6F5644004DA65D /* NavigationView.swift */,
				8E064AB21D720E7A000FB47E /* NotificationCell.swift */,
			);
			name = View;
			sourceTree = "<group>";
		};
		8E8CC21C1D6CA89A00F4675C /* Model */ = {
			isa = PBXGroup;
			children = (
				8E8CC2201D6CB42600F4675C /* Thread.swift */,
				8E8CC2221D6CB79F00F4675C /* User.swift */,
				8EC806D51D6E0B4200FC88DB /* Post.swift */,
				8E064AAC1D720306000FB47E /* Notification.swift */,
			);
			name = Model;
			sourceTree = "<group>";
		};
		8E8CC21D1D6CAB8900F4675C /* Util */ = {
			isa = PBXGroup;
			children = (
				8E8CC21E1D6CAB9C00F4675C /* Constants.swift */,
				8E8CC2271D6CC9CE00F4675C /* General.swift */,
				8E77620D1D6FCABD004DA65D /* BatchClientPush.swift */,
				8E77620F1D6FCB42004DA65D /* NotificationsManager.swift */,
			);
			name = Util;
			sourceTree = "<group>";
		};
		8E9FE3901D6C9F32004B1FD9 = {
			isa = PBXGroup;
			children = (
				8E7762111D6FD5CC004DA65D /* Hamptons.gpx */,
				8E9FE39B1D6C9F32004B1FD9 /* eightam */,
				8E9FE3B01D6C9F32004B1FD9 /* eightamTests */,
				8E9FE39A1D6C9F32004B1FD9 /* Products */,
				F679FD2DD6E6AEB0C4E5AA75 /* Pods */,
				1A567A68441AFFCFE0AFFFF3 /* Frameworks */,
			);
			sourceTree = "<group>";
		};
		8E9FE39A1D6C9F32004B1FD9 /* Products */ = {
			isa = PBXGroup;
			children = (
				8E9FE3991D6C9F32004B1FD9 /* eightam.app */,
				8E9FE3AD1D6C9F32004B1FD9 /* eightamTests.xctest */,
			);
			name = Products;
			sourceTree = "<group>";
		};
		8E9FE39B1D6C9F32004B1FD9 /* eightam */ = {
			isa = PBXGroup;
			children = (
				8E8CC21D1D6CAB8900F4675C /* Util */,
				8E8CC21C1D6CA89A00F4675C /* Model */,
				8E8CC21B1D6CA89100F4675C /* View */,
				8E8CC21A1D6CA88D00F4675C /* Controller */,
				8E9FE39C1D6C9F32004B1FD9 /* AppDelegate.swift */,
				8E9FE3A01D6C9F32004B1FD9 /* Main.storyboard */,
				8E9FE3A31D6C9F32004B1FD9 /* Assets.xcassets */,
				8E9FE3A51D6C9F32004B1FD9 /* LaunchScreen.storyboard */,
				8E9FE3A81D6C9F32004B1FD9 /* Info.plist */,
				8E9FE3BC1D6CA4B7004B1FD9 /* GoogleService-Info.plist */,
			);
			path = eightam;
			sourceTree = "<group>";
		};
		8E9FE3B01D6C9F32004B1FD9 /* eightamTests */ = {
			isa = PBXGroup;
			children = (
				8E9FE3B11D6C9F32004B1FD9 /* eightamTests.swift */,
				8E9FE3B31D6C9F32004B1FD9 /* Info.plist */,
			);
			path = eightamTests;
			sourceTree = "<group>";
		};
		F679FD2DD6E6AEB0C4E5AA75 /* Pods */ = {
			isa = PBXGroup;
			children = (
				59AC1C52FA006A67DDF88B1D /* Pods-eightam.debug.xcconfig */,
				DD7F2940B6508B79D46835AB /* Pods-eightam.release.xcconfig */,
				6419EAECA72E5911AB346E03 /* Pods-eightamTests.debug.xcconfig */,
				E1276DA5495A849F96148ECE /* Pods-eightamTests.release.xcconfig */,
			);
			name = Pods;
			sourceTree = "<group>";
		};
/* End PBXGroup section */

/* Begin PBXNativeTarget section */
		8E9FE3981D6C9F32004B1FD9 /* eightam */ = {
			isa = PBXNativeTarget;
			buildConfigurationList = 8E9FE3B61D6C9F32004B1FD9 /* Build configuration list for PBXNativeTarget "eightam" */;
			buildPhases = (
				93E4AC43536B002575579C35 /* [CP] Check Pods Manifest.lock */,
				8E9FE3951D6C9F32004B1FD9 /* Sources */,
				8E9FE3961D6C9F32004B1FD9 /* Frameworks */,
				8E9FE3971D6C9F32004B1FD9 /* Resources */,
				55BDAAAAE625BCEB169869A2 /* [CP] Embed Pods Frameworks */,
				D37581473345F1AFBF90C495 /* [CP] Copy Pods Resources */,
			);
			buildRules = (
			);
			dependencies = (
			);
			name = eightam;
			productName = eightam;
			productReference = 8E9FE3991D6C9F32004B1FD9 /* eightam.app */;
			productType = "com.apple.product-type.application";
		};
		8E9FE3AC1D6C9F32004B1FD9 /* eightamTests */ = {
			isa = PBXNativeTarget;
			buildConfigurationList = 8E9FE3B91D6C9F32004B1FD9 /* Build configuration list for PBXNativeTarget "eightamTests" */;
			buildPhases = (
				0589CCF82CF28513F0C8A651 /* [CP] Check Pods Manifest.lock */,
				8E9FE3A91D6C9F32004B1FD9 /* Sources */,
				8E9FE3AA1D6C9F32004B1FD9 /* Frameworks */,
				8E9FE3AB1D6C9F32004B1FD9 /* Resources */,
				F1AE336088A423814E880FE5 /* [CP] Embed Pods Frameworks */,
				962A0A5373128336DF9909E7 /* [CP] Copy Pods Resources */,
			);
			buildRules = (
			);
			dependencies = (
				8E9FE3AF1D6C9F32004B1FD9 /* PBXTargetDependency */,
			);
			name = eightamTests;
			productName = eightamTests;
			productReference = 8E9FE3AD1D6C9F32004B1FD9 /* eightamTests.xctest */;
			productType = "com.apple.product-type.bundle.unit-test";
		};
/* End PBXNativeTarget section */

/* Begin PBXProject section */
		8E9FE3911D6C9F32004B1FD9 /* Project object */ = {
			isa = PBXProject;
			attributes = {
				LastSwiftUpdateCheck = 0730;
				LastUpgradeCheck = 0730;
				ORGANIZATIONNAME = gordonseto;
				TargetAttributes = {
					8E9FE3981D6C9F32004B1FD9 = {
						CreatedOnToolsVersion = 7.3.1;
						DevelopmentTeam = 732LS35PLA;
						SystemCapabilities = {
							com.apple.BackgroundModes = {
								enabled = 1;
							};
							com.apple.Push = {
								enabled = 0;
							};
						};
					};
					8E9FE3AC1D6C9F32004B1FD9 = {
						CreatedOnToolsVersion = 7.3.1;
						TestTargetID = 8E9FE3981D6C9F32004B1FD9;
					};
				};
			};
			buildConfigurationList = 8E9FE3941D6C9F32004B1FD9 /* Build configuration list for PBXProject "eightam" */;
			compatibilityVersion = "Xcode 3.2";
			developmentRegion = English;
			hasScannedForEncodings = 0;
			knownRegions = (
				en,
				Base,
			);
			mainGroup = 8E9FE3901D6C9F32004B1FD9;
			productRefGroup = 8E9FE39A1D6C9F32004B1FD9 /* Products */;
			projectDirPath = "";
			projectRoot = "";
			targets = (
				8E9FE3981D6C9F32004B1FD9 /* eightam */,
				8E9FE3AC1D6C9F32004B1FD9 /* eightamTests */,
			);
		};
/* End PBXProject section */

/* Begin PBXResourcesBuildPhase section */
		8E9FE3971D6C9F32004B1FD9 /* Resources */ = {
			isa = PBXResourcesBuildPhase;
			buildActionMask = 2147483647;
			files = (
				8E9FE3A71D6C9F32004B1FD9 /* LaunchScreen.storyboard in Resources */,
				8E9FE3A41D6C9F32004B1FD9 /* Assets.xcassets in Resources */,
				8E7762121D6FD5CC004DA65D /* Hamptons.gpx in Resources */,
				8E9FE3BD1D6CA4B7004B1FD9 /* GoogleService-Info.plist in Resources */,
				8E9FE3A21D6C9F32004B1FD9 /* Main.storyboard in Resources */,
			);
			runOnlyForDeploymentPostprocessing = 0;
		};
		8E9FE3AB1D6C9F32004B1FD9 /* Resources */ = {
			isa = PBXResourcesBuildPhase;
			buildActionMask = 2147483647;
			files = (
			);
			runOnlyForDeploymentPostprocessing = 0;
		};
/* End PBXResourcesBuildPhase section */

/* Begin PBXShellScriptBuildPhase section */
		0589CCF82CF28513F0C8A651 /* [CP] Check Pods Manifest.lock */ = {
			isa = PBXShellScriptBuildPhase;
			buildActionMask = 2147483647;
			files = (
			);
			inputPaths = (
			);
			name = "[CP] Check Pods Manifest.lock";
			outputPaths = (
			);
			runOnlyForDeploymentPostprocessing = 0;
			shellPath = /bin/sh;
			shellScript = "diff \"${PODS_ROOT}/../Podfile.lock\" \"${PODS_ROOT}/Manifest.lock\" > /dev/null\nif [[ $? != 0 ]] ; then\n    cat << EOM\nerror: The sandbox is not in sync with the Podfile.lock. Run 'pod install' or update your CocoaPods installation.\nEOM\n    exit 1\nfi\n";
			showEnvVarsInLog = 0;
		};
		55BDAAAAE625BCEB169869A2 /* [CP] Embed Pods Frameworks */ = {
			isa = PBXShellScriptBuildPhase;
			buildActionMask = 2147483647;
			files = (
			);
			inputPaths = (
			);
			name = "[CP] Embed Pods Frameworks";
			outputPaths = (
			);
			runOnlyForDeploymentPostprocessing = 0;
			shellPath = /bin/sh;
			shellScript = "\"${SRCROOT}/Pods/Target Support Files/Pods-eightam/Pods-eightam-frameworks.sh\"\n";
			showEnvVarsInLog = 0;
		};
		93E4AC43536B002575579C35 /* [CP] Check Pods Manifest.lock */ = {
			isa = PBXShellScriptBuildPhase;
			buildActionMask = 2147483647;
			files = (
			);
			inputPaths = (
			);
			name = "[CP] Check Pods Manifest.lock";
			outputPaths = (
			);
			runOnlyForDeploymentPostprocessing = 0;
			shellPath = /bin/sh;
			shellScript = "diff \"${PODS_ROOT}/../Podfile.lock\" \"${PODS_ROOT}/Manifest.lock\" > /dev/null\nif [[ $? != 0 ]] ; then\n    cat << EOM\nerror: The sandbox is not in sync with the Podfile.lock. Run 'pod install' or update your CocoaPods installation.\nEOM\n    exit 1\nfi\n";
			showEnvVarsInLog = 0;
		};
		962A0A5373128336DF9909E7 /* [CP] Copy Pods Resources */ = {
			isa = PBXShellScriptBuildPhase;
			buildActionMask = 2147483647;
			files = (
			);
			inputPaths = (
			);
			name = "[CP] Copy Pods Resources";
			outputPaths = (
			);
			runOnlyForDeploymentPostprocessing = 0;
			shellPath = /bin/sh;
			shellScript = "\"${SRCROOT}/Pods/Target Support Files/Pods-eightamTests/Pods-eightamTests-resources.sh\"\n";
			showEnvVarsInLog = 0;
		};
		D37581473345F1AFBF90C495 /* [CP] Copy Pods Resources */ = {
			isa = PBXShellScriptBuildPhase;
			buildActionMask = 2147483647;
			files = (
			);
			inputPaths = (
			);
			name = "[CP] Copy Pods Resources";
			outputPaths = (
			);
			runOnlyForDeploymentPostprocessing = 0;
			shellPath = /bin/sh;
			shellScript = "\"${SRCROOT}/Pods/Target Support Files/Pods-eightam/Pods-eightam-resources.sh\"\n";
			showEnvVarsInLog = 0;
		};
		F1AE336088A423814E880FE5 /* [CP] Embed Pods Frameworks */ = {
			isa = PBXShellScriptBuildPhase;
			buildActionMask = 2147483647;
			files = (
			);
			inputPaths = (
			);
			name = "[CP] Embed Pods Frameworks";
			outputPaths = (
			);
			runOnlyForDeploymentPostprocessing = 0;
			shellPath = /bin/sh;
			shellScript = "\"${SRCROOT}/Pods/Target Support Files/Pods-eightamTests/Pods-eightamTests-frameworks.sh\"\n";
			showEnvVarsInLog = 0;
		};
/* End PBXShellScriptBuildPhase section */

/* Begin PBXSourcesBuildPhase section */
		8E9FE3951D6C9F32004B1FD9 /* Sources */ = {
			isa = PBXSourcesBuildPhase;
			buildActionMask = 2147483647;
			files = (
				8E09EEF31D74B342002B4E4D /* ProfileVC.swift in Sources */,
				8EC806CF1D6D0C7100FC88DB /* ThreadVC.swift in Sources */,
				8E064AAF1D720779000FB47E /* NotificationsVC.swift in Sources */,
				8EC806D61D6E0B4200FC88DB /* Post.swift in Sources */,
				8E8CC2281D6CC9CE00F4675C /* General.swift in Sources */,
				8E9FE39F1D6C9F32004B1FD9 /* HomeVC.swift in Sources */,
				8E8CC21F1D6CAB9C00F4675C /* Constants.swift in Sources */,
				8E9FE39D1D6C9F32004B1FD9 /* AppDelegate.swift in Sources */,
				8E064AB31D720E7A000FB47E /* NotificationCell.swift in Sources */,
				8E7762051D6F54E3004DA65D /* ExploreVC.swift in Sources */,
				8E77620E1D6FCABD004DA65D /* BatchClientPush.swift in Sources */,
				8EC806CB1D6CD0E300FC88DB /* PostCell.swift in Sources */,
				8E8CC2231D6CB79F00F4675C /* User.swift in Sources */,
				8E7762101D6FCB42004DA65D /* NotificationsManager.swift in Sources */,
				8E7762071D6F5644004DA65D /* NavigationView.swift in Sources */,
				8EC806CD1D6CE9B200FC88DB /* CardView.swift in Sources */,
				8E09EEF51D74B5A7002B4E4D /* EmbeddedProfileVC.swift in Sources */,
				8E7762091D6F59F4004DA65D /* MapVC.swift in Sources */,
				8E8CC2211D6CB42600F4675C /* Thread.swift in Sources */,
				8EC806D41D6E091C00FC88DB /* ReplyView.swift in Sources */,
				8E064AAD1D720306000FB47E /* Notification.swift in Sources */,
			);
			runOnlyForDeploymentPostprocessing = 0;
		};
		8E9FE3A91D6C9F32004B1FD9 /* Sources */ = {
			isa = PBXSourcesBuildPhase;
			buildActionMask = 2147483647;
			files = (
				8E9FE3B21D6C9F32004B1FD9 /* eightamTests.swift in Sources */,
			);
			runOnlyForDeploymentPostprocessing = 0;
		};
/* End PBXSourcesBuildPhase section */

/* Begin PBXTargetDependency section */
		8E9FE3AF1D6C9F32004B1FD9 /* PBXTargetDependency */ = {
			isa = PBXTargetDependency;
			target = 8E9FE3981D6C9F32004B1FD9 /* eightam */;
			targetProxy = 8E9FE3AE1D6C9F32004B1FD9 /* PBXContainerItemProxy */;
		};
/* End PBXTargetDependency section */

/* Begin PBXVariantGroup section */
		8E9FE3A01D6C9F32004B1FD9 /* Main.storyboard */ = {
			isa = PBXVariantGroup;
			children = (
				8E9FE3A11D6C9F32004B1FD9 /* Base */,
			);
			name = Main.storyboard;
			sourceTree = "<group>";
		};
		8E9FE3A51D6C9F32004B1FD9 /* LaunchScreen.storyboard */ = {
			isa = PBXVariantGroup;
			children = (
				8E9FE3A61D6C9F32004B1FD9 /* Base */,
			);
			name = LaunchScreen.storyboard;
			sourceTree = "<group>";
		};
/* End PBXVariantGroup section */

/* Begin XCBuildConfiguration section */
		8E9FE3B41D6C9F32004B1FD9 /* Debug */ = {
			isa = XCBuildConfiguration;
			buildSettings = {
				ALWAYS_SEARCH_USER_PATHS = NO;
				CLANG_ANALYZER_NONNULL = YES;
				CLANG_CXX_LANGUAGE_STANDARD = "gnu++0x";
				CLANG_CXX_LIBRARY = "libc++";
				CLANG_ENABLE_MODULES = YES;
				CLANG_ENABLE_OBJC_ARC = YES;
				CLANG_WARN_BOOL_CONVERSION = YES;
				CLANG_WARN_CONSTANT_CONVERSION = YES;
				CLANG_WARN_DIRECT_OBJC_ISA_USAGE = YES_ERROR;
				CLANG_WARN_EMPTY_BODY = YES;
				CLANG_WARN_ENUM_CONVERSION = YES;
				CLANG_WARN_INT_CONVERSION = YES;
				CLANG_WARN_OBJC_ROOT_CLASS = YES_ERROR;
				CLANG_WARN_UNREACHABLE_CODE = YES;
				CLANG_WARN__DUPLICATE_METHOD_MATCH = YES;
				"CODE_SIGN_IDENTITY[sdk=iphoneos*]" = "iPhone Developer";
				COPY_PHASE_STRIP = NO;
				DEBUG_INFORMATION_FORMAT = dwarf;
				ENABLE_STRICT_OBJC_MSGSEND = YES;
				ENABLE_TESTABILITY = YES;
				GCC_C_LANGUAGE_STANDARD = gnu99;
				GCC_DYNAMIC_NO_PIC = NO;
				GCC_NO_COMMON_BLOCKS = YES;
				GCC_OPTIMIZATION_LEVEL = 0;
				GCC_PREPROCESSOR_DEFINITIONS = (
					"DEBUG=1",
					"$(inherited)",
				);
				GCC_WARN_64_TO_32_BIT_CONVERSION = YES;
				GCC_WARN_ABOUT_RETURN_TYPE = YES_ERROR;
				GCC_WARN_UNDECLARED_SELECTOR = YES;
				GCC_WARN_UNINITIALIZED_AUTOS = YES_AGGRESSIVE;
				GCC_WARN_UNUSED_FUNCTION = YES;
				GCC_WARN_UNUSED_VARIABLE = YES;
				IPHONEOS_DEPLOYMENT_TARGET = 9.3;
				MTL_ENABLE_DEBUG_INFO = YES;
				ONLY_ACTIVE_ARCH = YES;
				SDKROOT = iphoneos;
				SWIFT_OPTIMIZATION_LEVEL = "-Onone";
			};
			name = Debug;
		};
		8E9FE3B51D6C9F32004B1FD9 /* Release */ = {
			isa = XCBuildConfiguration;
			buildSettings = {
				ALWAYS_SEARCH_USER_PATHS = NO;
				CLANG_ANALYZER_NONNULL = YES;
				CLANG_CXX_LANGUAGE_STANDARD = "gnu++0x";
				CLANG_CXX_LIBRARY = "libc++";
				CLANG_ENABLE_MODULES = YES;
				CLANG_ENABLE_OBJC_ARC = YES;
				CLANG_WARN_BOOL_CONVERSION = YES;
				CLANG_WARN_CONSTANT_CONVERSION = YES;
				CLANG_WARN_DIRECT_OBJC_ISA_USAGE = YES_ERROR;
				CLANG_WARN_EMPTY_BODY = YES;
				CLANG_WARN_ENUM_CONVERSION = YES;
				CLANG_WARN_INT_CONVERSION = YES;
				CLANG_WARN_OBJC_ROOT_CLASS = YES_ERROR;
				CLANG_WARN_UNREACHABLE_CODE = YES;
				CLANG_WARN__DUPLICATE_METHOD_MATCH = YES;
				"CODE_SIGN_IDENTITY[sdk=iphoneos*]" = "iPhone Developer";
				COPY_PHASE_STRIP = NO;
				DEBUG_INFORMATION_FORMAT = "dwarf-with-dsym";
				ENABLE_NS_ASSERTIONS = NO;
				ENABLE_STRICT_OBJC_MSGSEND = YES;
				GCC_C_LANGUAGE_STANDARD = gnu99;
				GCC_NO_COMMON_BLOCKS = YES;
				GCC_WARN_64_TO_32_BIT_CONVERSION = YES;
				GCC_WARN_ABOUT_RETURN_TYPE = YES_ERROR;
				GCC_WARN_UNDECLARED_SELECTOR = YES;
				GCC_WARN_UNINITIALIZED_AUTOS = YES_AGGRESSIVE;
				GCC_WARN_UNUSED_FUNCTION = YES;
				GCC_WARN_UNUSED_VARIABLE = YES;
				IPHONEOS_DEPLOYMENT_TARGET = 9.3;
				MTL_ENABLE_DEBUG_INFO = NO;
				SDKROOT = iphoneos;
				VALIDATE_PRODUCT = YES;
			};
			name = Release;
		};
		8E9FE3B71D6C9F32004B1FD9 /* Debug */ = {
			isa = XCBuildConfiguration;
			baseConfigurationReference = 59AC1C52FA006A67DDF88B1D /* Pods-eightam.debug.xcconfig */;
			buildSettings = {
				ASSETCATALOG_COMPILER_APPICON_NAME = AppIcon;
				INFOPLIST_FILE = eightam/Info.plist;
				IPHONEOS_DEPLOYMENT_TARGET = 9.0;
				LD_RUNPATH_SEARCH_PATHS = "$(inherited) @executable_path/Frameworks";
				PRODUCT_BUNDLE_IDENTIFIER = com.gordonseto.eightam;
				PRODUCT_NAME = "$(TARGET_NAME)";
			};
			name = Debug;
		};
		8E9FE3B81D6C9F32004B1FD9 /* Release */ = {
			isa = XCBuildConfiguration;
			baseConfigurationReference = DD7F2940B6508B79D46835AB /* Pods-eightam.release.xcconfig */;
			buildSettings = {
				ASSETCATALOG_COMPILER_APPICON_NAME = AppIcon;
				INFOPLIST_FILE = eightam/Info.plist;
				IPHONEOS_DEPLOYMENT_TARGET = 9.0;
				LD_RUNPATH_SEARCH_PATHS = "$(inherited) @executable_path/Frameworks";
				PRODUCT_BUNDLE_IDENTIFIER = com.gordonseto.eightam;
				PRODUCT_NAME = "$(TARGET_NAME)";
			};
			name = Release;
		};
		8E9FE3BA1D6C9F32004B1FD9 /* Debug */ = {
			isa = XCBuildConfiguration;
			baseConfigurationReference = 6419EAECA72E5911AB346E03 /* Pods-eightamTests.debug.xcconfig */;
			buildSettings = {
				BUNDLE_LOADER = "$(TEST_HOST)";
				INFOPLIST_FILE = eightamTests/Info.plist;
				LD_RUNPATH_SEARCH_PATHS = "$(inherited) @executable_path/Frameworks @loader_path/Frameworks";
				PRODUCT_BUNDLE_IDENTIFIER = com.gordonseto.eightamTests;
				PRODUCT_NAME = "$(TARGET_NAME)";
				TEST_HOST = "$(BUILT_PRODUCTS_DIR)/eightam.app/eightam";
			};
			name = Debug;
		};
		8E9FE3BB1D6C9F32004B1FD9 /* Release */ = {
			isa = XCBuildConfiguration;
			baseConfigurationReference = E1276DA5495A849F96148ECE /* Pods-eightamTests.release.xcconfig */;
			buildSettings = {
				BUNDLE_LOADER = "$(TEST_HOST)";
				INFOPLIST_FILE = eightamTests/Info.plist;
				LD_RUNPATH_SEARCH_PATHS = "$(inherited) @executable_path/Frameworks @loader_path/Frameworks";
				PRODUCT_BUNDLE_IDENTIFIER = com.gordonseto.eightamTests;
				PRODUCT_NAME = "$(TARGET_NAME)";
				TEST_HOST = "$(BUILT_PRODUCTS_DIR)/eightam.app/eightam";
			};
			name = Release;
		};
/* End XCBuildConfiguration section */

/* Begin XCConfigurationList section */
		8E9FE3941D6C9F32004B1FD9 /* Build configuration list for PBXProject "eightam" */ = {
			isa = XCConfigurationList;
			buildConfigurations = (
				8E9FE3B41D6C9F32004B1FD9 /* Debug */,
				8E9FE3B51D6C9F32004B1FD9 /* Release */,
			);
			defaultConfigurationIsVisible = 0;
			defaultConfigurationName = Release;
		};
		8E9FE3B61D6C9F32004B1FD9 /* Build configuration list for PBXNativeTarget "eightam" */ = {
			isa = XCConfigurationList;
			buildConfigurations = (
				8E9FE3B71D6C9F32004B1FD9 /* Debug */,
				8E9FE3B81D6C9F32004B1FD9 /* Release */,
			);
			defaultConfigurationIsVisible = 0;
			defaultConfigurationName = Release;
		};
		8E9FE3B91D6C9F32004B1FD9 /* Build configuration list for PBXNativeTarget "eightamTests" */ = {
			isa = XCConfigurationList;
			buildConfigurations = (
				8E9FE3BA1D6C9F32004B1FD9 /* Debug */,
				8E9FE3BB1D6C9F32004B1FD9 /* Release */,
			);
			defaultConfigurationIsVisible = 0;
			defaultConfigurationName = Release;
		};
/* End XCConfigurationList section */
	};
	rootObject = 8E9FE3911D6C9F32004B1FD9 /* Project object */;
}
